
Microsoft Visual Studio Solution File, Format Version 12.00
# Visual Studio Version 17
VisualStudioVersion = 17.0.31912.275
MinimumVisualStudioVersion = 10.0.40219.1
Project("{FAE04EC0-301F-11D3-BF4B-00C04F79EFBC}") = "ImprovedFilteredStorage", "ImprovedFilteredStorage\ImprovedFilteredStorage.csproj", "{A2D83933-345F-4949-AC93-3ABFBF5E9CC4}"
EndProject
Project("{FAE04EC0-301F-11D3-BF4B-00C04F79EFBC}") = "Assembly-CSharp", "..\..\src\Assembly-CSharp\Assembly-CSharp.csproj", "{406F5FD8-8CC2-421C-901F-1822DE1EE16B}"
EndProject
Global
	GlobalSection(SolutionConfigurationPlatforms) = preSolution
		Debug|Any CPU = Debug|Any CPU
		Release|Any CPU = Release|Any CPU
	EndGlobalSection
	GlobalSection(ProjectConfigurationPlatforms) = postSolution
		{A2D83933-345F-4949-AC93-3ABFBF5E9CC4}.Debug|Any CPU.ActiveCfg = Debug|Any CPU
		{A2D83933-345F-4949-AC93-3ABFBF5E9CC4}.Debug|Any CPU.Build.0 = Debug|Any CPU
		{A2D83933-345F-4949-AC93-3ABFBF5E9CC4}.Release|Any CPU.ActiveCfg = Release|Any CPU
		{A2D83933-345F-4949-AC93-3ABFBF5E9CC4}.Release|Any CPU.Build.0 = Release|Any CPU
		{406F5FD8-8CC2-421C-901F-1822DE1EE16B}.Debug|Any CPU.ActiveCfg = Debug|Any CPU
		{406F5FD8-8CC2-421C-901F-1822DE1EE16B}.Release|Any CPU.ActiveCfg = Release|Any CPU
	EndGlobalSection
	GlobalSection(SolutionProperties) = preSolution
		HideSolutionNode = FALSE
	EndGlobalSection
	GlobalSection(ExtensibilityGlobals) = postSolution
		SolutionGuid = {82DD7EA8-51D9-4CE8-A167-E17E85E369D3}
	EndGlobalSection
EndGlobal
